
Microsoft Visual Studio Solution File, Format Version 12.00
# Visual Studio 14
VisualStudioVersion = 14.0.25420.1
MinimumVisualStudioVersion = 10.0.40219.1
Project("{FAE04EC0-301F-11D3-BF4B-00C04F79EFBC}") = "MoviesDatabase.Models", "MoviesDatabase.Models\MoviesDatabase.Models.csproj", "{59092E04-9355-4D6B-8815-3D6F2E880AE6}"
EndProject
Project("{FAE04EC0-301F-11D3-BF4B-00C04F79EFBC}") = "MoviesDatabase.Context", "MoviesDatabase.Context\MoviesDatabase.Context.csproj", "{16A3F816-35B8-41F5-AE42-529DB2FCEC55}"
EndProject
Project("{FAE04EC0-301F-11D3-BF4B-00C04F79EFBC}") = "MoviesDatabase", "MoviesDatabase\MoviesDatabase.csproj", "{30DADCC3-4CEE-42EB-B0B4-CCE67E3FE493}"
EndProject
Project("{FAE04EC0-301F-11D3-BF4B-00C04F79EFBC}") = "MoviesDatabaseWPF", "MoviesDatabaseWPF\MoviesDatabaseWPF.csproj", "{4363EFFB-4003-4A37-A8C0-37B222FF7763}"
EndProject
Global
	GlobalSection(SolutionConfigurationPlatforms) = preSolution
		Debug|Any CPU = Debug|Any CPU
		Release|Any CPU = Release|Any CPU
	EndGlobalSection
	GlobalSection(ProjectConfigurationPlatforms) = postSolution
		{59092E04-9355-4D6B-8815-3D6F2E880AE6}.Debug|Any CPU.ActiveCfg = Debug|Any CPU
		{59092E04-9355-4D6B-8815-3D6F2E880AE6}.Debug|Any CPU.Build.0 = Debug|Any CPU
		{59092E04-9355-4D6B-8815-3D6F2E880AE6}.Release|Any CPU.ActiveCfg = Release|Any CPU
		{59092E04-9355-4D6B-8815-3D6F2E880AE6}.Release|Any CPU.Build.0 = Release|Any CPU
		{16A3F816-35B8-41F5-AE42-529DB2FCEC55}.Debug|Any CPU.ActiveCfg = Debug|Any CPU
		{16A3F816-35B8-41F5-AE42-529DB2FCEC55}.Debug|Any CPU.Build.0 = Debug|Any CPU
		{16A3F816-35B8-41F5-AE42-529DB2FCEC55}.Release|Any CPU.ActiveCfg = Release|Any CPU
		{16A3F816-35B8-41F5-AE42-529DB2FCEC55}.Release|Any CPU.Build.0 = Release|Any CPU
		{30DADCC3-4CEE-42EB-B0B4-CCE67E3FE493}.Debug|Any CPU.ActiveCfg = Debug|Any CPU
		{30DADCC3-4CEE-42EB-B0B4-CCE67E3FE493}.Debug|Any CPU.Build.0 = Debug|Any CPU
		{30DADCC3-4CEE-42EB-B0B4-CCE67E3FE493}.Release|Any CPU.ActiveCfg = Release|Any CPU
		{30DADCC3-4CEE-42EB-B0B4-CCE67E3FE493}.Release|Any CPU.Build.0 = Release|Any CPU
		{4363EFFB-4003-4A37-A8C0-37B222FF7763}.Debug|Any CPU.ActiveCfg = Debug|Any CPU
		{4363EFFB-4003-4A37-A8C0-37B222FF7763}.Debug|Any CPU.Build.0 = Debug|Any CPU
		{4363EFFB-4003-4A37-A8C0-37B222FF7763}.Release|Any CPU.ActiveCfg = Release|Any CPU
		{4363EFFB-4003-4A37-A8C0-37B222FF7763}.Release|Any CPU.Build.0 = Release|Any CPU
	EndGlobalSection
	GlobalSection(SolutionProperties) = preSolution
		HideSolutionNode = FALSE
	EndGlobalSection
EndGlobal
